
Microsoft Visual Studio Solution File, Format Version 12.00
Project("{FAE04EC0-301F-11D3-BF4B-00C04F79EFBC}") = "Revrot.Tests", "Revrot.Tests\Revrot.Tests.csproj", "{83BD130A-F237-40D3-9F91-6690584B645A}"
EndProject
Global
	GlobalSection(SolutionConfigurationPlatforms) = preSolution
		Debug|Any CPU = Debug|Any CPU
		Release|Any CPU = Release|Any CPU
	EndGlobalSection
	GlobalSection(ProjectConfigurationPlatforms) = postSolution
		{83BD130A-F237-40D3-9F91-6690584B645A}.Debug|Any CPU.ActiveCfg = Debug|Any CPU
		{83BD130A-F237-40D3-9F91-6690584B645A}.Debug|Any CPU.Build.0 = Debug|Any CPU
		{83BD130A-F237-40D3-9F91-6690584B645A}.Release|Any CPU.ActiveCfg = Release|Any CPU
		{83BD130A-F237-40D3-9F91-6690584B645A}.Release|Any CPU.Build.0 = Release|Any CPU
	EndGlobalSection
EndGlobal
